
Microsoft Visual Studio Solution File, Format Version 12.00
# Visual Studio Version 17
VisualStudioVersion = 17.1.32421.90
MinimumVisualStudioVersion = 10.0.40219.1
Project("{2150E333-8FDC-42A3-9474-1A3956D46DE8}") = "FrontEnd", "FrontEnd", "{85E823A7-5927-49DE-8C69-26170CC4F9CA}"
EndProject
Project("{2150E333-8FDC-42A3-9474-1A3956D46DE8}") = "Services", "Services", "{A23A3A33-4446-4AF6-87CB-B74D861E2FA5}"
EndProject
Project("{9A19103F-16F7-4668-BE54-9A1E7A4F7556}") = "MM.GeekShopping.Product.WebApi", "src\MM.geekShopping.Product\MM.GeekShopping.Product.WebApi.csproj", "{4617E0EE-0CC5-4FCD-90E6-3D3999B94F66}"
EndProject
Project("{9A19103F-16F7-4668-BE54-9A1E7A4F7556}") = "MM.GeekShopping.Web", "src\MM.GeekShopping.Web\MM.GeekShopping.Web.csproj", "{D149D049-4EC9-4FD3-97DD-A863B648A09C}"
EndProject
Project("{9A19103F-16F7-4668-BE54-9A1E7A4F7556}") = "MM.GeekShopping.IdentityServer", "src\MM.GeekShopping.IdentityServer\MM.GeekShopping.IdentityServer.csproj", "{8C4778B0-7E4A-4403-AB8D-CF032BB4E8FA}"
EndProject
Project("{9A19103F-16F7-4668-BE54-9A1E7A4F7556}") = "MM.GeekShopping.CartAPI", "src\MM.GeekShopping.CartAPI\MM.GeekShopping.CartAPI.csproj", "{5597994C-B8C2-4712-9935-D41089BA7BA1}"
EndProject
Project("{9A19103F-16F7-4668-BE54-9A1E7A4F7556}") = "MM.GeekShopping.CouponAPI", "src\MM.GeekShopping.CouponAPI\MM.GeekShopping.CouponAPI.csproj", "{52FC549F-D9A1-4648-970B-BF43E982FF43}"
EndProject
Project("{2150E333-8FDC-42A3-9474-1A3956D46DE8}") = "Integration", "Integration", "{6D35EB70-8D2A-4756-B6B4-A75F2CC4E311}"
EndProject
Project("{9A19103F-16F7-4668-BE54-9A1E7A4F7556}") = "GeekShopping.MessageBus", "src\GeekShopping.MessageBus\GeekShopping.MessageBus.csproj", "{8DFCE8B9-2D4B-47CE-9F87-37B8DBB17A72}"
EndProject
Project("{9A19103F-16F7-4668-BE54-9A1E7A4F7556}") = "MM.GeekShopping.OrderApi", "src\MM.GeekShopping.OrderApi\MM.GeekShopping.OrderApi.csproj", "{4005A50E-7930-4F3E-9E90-7E177E1DDBE3}"
EndProject
Project("{2150E333-8FDC-42A3-9474-1A3956D46DE8}") = "Payments", "Payments", "{6D64A9C5-1BD8-470B-A45F-7DCE3D531413}"
EndProject
Project("{FAE04EC0-301F-11D3-BF4B-00C04F79EFBC}") = "MM.GeekShopping.PaymentProcessor", "src\MM.GeekShopping.PaymentProcessor\MM.GeekShopping.PaymentProcessor.csproj", "{3C500AAE-6A5D-4756-98E2-4D5456E1D8E8}"
EndProject
Project("{FAE04EC0-301F-11D3-BF4B-00C04F79EFBC}") = "MM.GeekShopping.PaymentAPI", "src\MM.GeekShopping.PaymentAPI\MM.GeekShopping.PaymentAPI.csproj", "{6F438635-5087-41CB-BB5D-36EE245CD211}"
EndProject
Global
	GlobalSection(SolutionConfigurationPlatforms) = preSolution
		Debug|Any CPU = Debug|Any CPU
		Release|Any CPU = Release|Any CPU
	EndGlobalSection
	GlobalSection(ProjectConfigurationPlatforms) = postSolution
		{4617E0EE-0CC5-4FCD-90E6-3D3999B94F66}.Debug|Any CPU.ActiveCfg = Debug|Any CPU
		{4617E0EE-0CC5-4FCD-90E6-3D3999B94F66}.Debug|Any CPU.Build.0 = Debug|Any CPU
		{4617E0EE-0CC5-4FCD-90E6-3D3999B94F66}.Release|Any CPU.ActiveCfg = Release|Any CPU
		{4617E0EE-0CC5-4FCD-90E6-3D3999B94F66}.Release|Any CPU.Build.0 = Release|Any CPU
		{D149D049-4EC9-4FD3-97DD-A863B648A09C}.Debug|Any CPU.ActiveCfg = Debug|Any CPU
		{D149D049-4EC9-4FD3-97DD-A863B648A09C}.Debug|Any CPU.Build.0 = Debug|Any CPU
		{D149D049-4EC9-4FD3-97DD-A863B648A09C}.Release|Any CPU.ActiveCfg = Release|Any CPU
		{D149D049-4EC9-4FD3-97DD-A863B648A09C}.Release|Any CPU.Build.0 = Release|Any CPU
		{8C4778B0-7E4A-4403-AB8D-CF032BB4E8FA}.Debug|Any CPU.ActiveCfg = Debug|Any CPU
		{8C4778B0-7E4A-4403-AB8D-CF032BB4E8FA}.Debug|Any CPU.Build.0 = Debug|Any CPU
		{8C4778B0-7E4A-4403-AB8D-CF032BB4E8FA}.Release|Any CPU.ActiveCfg = Release|Any CPU
		{8C4778B0-7E4A-4403-AB8D-CF032BB4E8FA}.Release|Any CPU.Build.0 = Release|Any CPU
		{5597994C-B8C2-4712-9935-D41089BA7BA1}.Debug|Any CPU.ActiveCfg = Debug|Any CPU
		{5597994C-B8C2-4712-9935-D41089BA7BA1}.Debug|Any CPU.Build.0 = Debug|Any CPU
		{5597994C-B8C2-4712-9935-D41089BA7BA1}.Release|Any CPU.ActiveCfg = Release|Any CPU
		{5597994C-B8C2-4712-9935-D41089BA7BA1}.Release|Any CPU.Build.0 = Release|Any CPU
		{52FC549F-D9A1-4648-970B-BF43E982FF43}.Debug|Any CPU.ActiveCfg = Debug|Any CPU
		{52FC549F-D9A1-4648-970B-BF43E982FF43}.Debug|Any CPU.Build.0 = Debug|Any CPU
		{52FC549F-D9A1-4648-970B-BF43E982FF43}.Release|Any CPU.ActiveCfg = Release|Any CPU
		{52FC549F-D9A1-4648-970B-BF43E982FF43}.Release|Any CPU.Build.0 = Release|Any CPU
		{8DFCE8B9-2D4B-47CE-9F87-37B8DBB17A72}.Debug|Any CPU.ActiveCfg = Debug|Any CPU
		{8DFCE8B9-2D4B-47CE-9F87-37B8DBB17A72}.Debug|Any CPU.Build.0 = Debug|Any CPU
		{8DFCE8B9-2D4B-47CE-9F87-37B8DBB17A72}.Release|Any CPU.ActiveCfg = Release|Any CPU
		{8DFCE8B9-2D4B-47CE-9F87-37B8DBB17A72}.Release|Any CPU.Build.0 = Release|Any CPU
		{4005A50E-7930-4F3E-9E90-7E177E1DDBE3}.Debug|Any CPU.ActiveCfg = Debug|Any CPU
		{4005A50E-7930-4F3E-9E90-7E177E1DDBE3}.Debug|Any CPU.Build.0 = Debug|Any CPU
		{4005A50E-7930-4F3E-9E90-7E177E1DDBE3}.Release|Any CPU.ActiveCfg = Release|Any CPU
		{4005A50E-7930-4F3E-9E90-7E177E1DDBE3}.Release|Any CPU.Build.0 = Release|Any CPU
		{3C500AAE-6A5D-4756-98E2-4D5456E1D8E8}.Debug|Any CPU.ActiveCfg = Debug|Any CPU
		{3C500AAE-6A5D-4756-98E2-4D5456E1D8E8}.Debug|Any CPU.Build.0 = Debug|Any CPU
		{3C500AAE-6A5D-4756-98E2-4D5456E1D8E8}.Release|Any CPU.ActiveCfg = Release|Any CPU
		{3C500AAE-6A5D-4756-98E2-4D5456E1D8E8}.Release|Any CPU.Build.0 = Release|Any CPU
		{6F438635-5087-41CB-BB5D-36EE245CD211}.Debug|Any CPU.ActiveCfg = Debug|Any CPU
		{6F438635-5087-41CB-BB5D-36EE245CD211}.Debug|Any CPU.Build.0 = Debug|Any CPU
		{6F438635-5087-41CB-BB5D-36EE245CD211}.Release|Any CPU.ActiveCfg = Release|Any CPU
		{6F438635-5087-41CB-BB5D-36EE245CD211}.Release|Any CPU.Build.0 = Release|Any CPU
	EndGlobalSection
	GlobalSection(SolutionProperties) = preSolution
		HideSolutionNode = FALSE
	EndGlobalSection
	GlobalSection(NestedProjects) = preSolution
		{4617E0EE-0CC5-4FCD-90E6-3D3999B94F66} = {A23A3A33-4446-4AF6-87CB-B74D861E2FA5}
		{D149D049-4EC9-4FD3-97DD-A863B648A09C} = {85E823A7-5927-49DE-8C69-26170CC4F9CA}
		{8C4778B0-7E4A-4403-AB8D-CF032BB4E8FA} = {A23A3A33-4446-4AF6-87CB-B74D861E2FA5}
		{5597994C-B8C2-4712-9935-D41089BA7BA1} = {A23A3A33-4446-4AF6-87CB-B74D861E2FA5}
		{52FC549F-D9A1-4648-970B-BF43E982FF43} = {A23A3A33-4446-4AF6-87CB-B74D861E2FA5}
		{8DFCE8B9-2D4B-47CE-9F87-37B8DBB17A72} = {6D35EB70-8D2A-4756-B6B4-A75F2CC4E311}
		{4005A50E-7930-4F3E-9E90-7E177E1DDBE3} = {A23A3A33-4446-4AF6-87CB-B74D861E2FA5}
		{3C500AAE-6A5D-4756-98E2-4D5456E1D8E8} = {6D64A9C5-1BD8-470B-A45F-7DCE3D531413}
		{6F438635-5087-41CB-BB5D-36EE245CD211} = {A23A3A33-4446-4AF6-87CB-B74D861E2FA5}
	EndGlobalSection
	GlobalSection(ExtensibilityGlobals) = postSolution
		SolutionGuid = {9F46FE76-6232-4690-896C-F2C6B1354826}
	EndGlobalSection
EndGlobal
