
Microsoft Visual Studio Solution File, Format Version 12.00
# Visual Studio Version 17
VisualStudioVersion = 17.1.32421.90
MinimumVisualStudioVersion = 10.0.40219.1
Project("{2150E333-8FDC-42A3-9474-1A3956D46DE8}") = "FrontEnd", "FrontEnd", "{85E823A7-5927-49DE-8C69-26170CC4F9CA}"
EndProject
Project("{2150E333-8FDC-42A3-9474-1A3956D46DE8}") = "Services", "Services", "{A23A3A33-4446-4AF6-87CB-B74D861E2FA5}"
EndProject
Project("{9A19103F-16F7-4668-BE54-9A1E7A4F7556}") = "MM.GeekShopping.Product.WebApi", "src\MM.geekShopping.Product\MM.GeekShopping.Product.WebApi.csproj", "{4617E0EE-0CC5-4FCD-90E6-3D3999B94F66}"
EndProject
Global
	GlobalSection(SolutionConfigurationPlatforms) = preSolution
		Debug|Any CPU = Debug|Any CPU
		Release|Any CPU = Release|Any CPU
	EndGlobalSection
	GlobalSection(ProjectConfigurationPlatforms) = postSolution
		{4617E0EE-0CC5-4FCD-90E6-3D3999B94F66}.Debug|Any CPU.ActiveCfg = Debug|Any CPU
		{4617E0EE-0CC5-4FCD-90E6-3D3999B94F66}.Debug|Any CPU.Build.0 = Debug|Any CPU
		{4617E0EE-0CC5-4FCD-90E6-3D3999B94F66}.Release|Any CPU.ActiveCfg = Release|Any CPU
		{4617E0EE-0CC5-4FCD-90E6-3D3999B94F66}.Release|Any CPU.Build.0 = Release|Any CPU
	EndGlobalSection
	GlobalSection(SolutionProperties) = preSolution
		HideSolutionNode = FALSE
	EndGlobalSection
	GlobalSection(NestedProjects) = preSolution
		{4617E0EE-0CC5-4FCD-90E6-3D3999B94F66} = {A23A3A33-4446-4AF6-87CB-B74D861E2FA5}
	EndGlobalSection
	GlobalSection(ExtensibilityGlobals) = postSolution
		SolutionGuid = {9F46FE76-6232-4690-896C-F2C6B1354826}
	EndGlobalSection
EndGlobal
